// !$*UTF8*$!
{
	archiveVersion = 1;
	classes = {
	};
	objectVersion = 56;
	objects = {

/* Begin PBXBuildFile section */
		26FF86EF31D5B5E19A5AB5F8 /* Pods_MovieMemoryAppTests.framework in Frameworks */ = {isa = PBXBuildFile; fileRef = 38DD8E7AA60E174763DF6DE5 /* Pods_MovieMemoryAppTests.framework */; };
		75497A20F337B907BDFF41B7 /* Pods_MovieMemoryApp.framework in Frameworks */ = {isa = PBXBuildFile; fileRef = 7491D3ACFD6A68F6C9D4B2DD /* Pods_MovieMemoryApp.framework */; };
		9993345829D66654002C3A62 /* MovieDataRepository.swift in Sources */ = {isa = PBXBuildFile; fileRef = 9993345729D66653002C3A62 /* MovieDataRepository.swift */; };
		9993345A29D66682002C3A62 /* MovieDataRepositoryProtocol.swift in Sources */ = {isa = PBXBuildFile; fileRef = 9993345929D66682002C3A62 /* MovieDataRepositoryProtocol.swift */; };
		99A6CAD529C98FEB00692B00 /* AppDelegate.swift in Sources */ = {isa = PBXBuildFile; fileRef = 99A6CAD429C98FEB00692B00 /* AppDelegate.swift */; };
		99A6CAD729C98FEB00692B00 /* SceneDelegate.swift in Sources */ = {isa = PBXBuildFile; fileRef = 99A6CAD629C98FEB00692B00 /* SceneDelegate.swift */; };
		99A6CADC29C98FEB00692B00 /* Main.storyboard in Resources */ = {isa = PBXBuildFile; fileRef = 99A6CADA29C98FEB00692B00 /* Main.storyboard */; };
		99A6CADE29C98FEE00692B00 /* Assets.xcassets in Resources */ = {isa = PBXBuildFile; fileRef = 99A6CADD29C98FEE00692B00 /* Assets.xcassets */; };
		99A6CAE129C98FEE00692B00 /* LaunchScreen.storyboard in Resources */ = {isa = PBXBuildFile; fileRef = 99A6CADF29C98FEE00692B00 /* LaunchScreen.storyboard */; };
		99A6CAEC29C98FEF00692B00 /* MovieMemoryAppTests.swift in Sources */ = {isa = PBXBuildFile; fileRef = 99A6CAEB29C98FEF00692B00 /* MovieMemoryAppTests.swift */; };
		99A6CAF629C98FEF00692B00 /* MovieMemoryAppUITests.swift in Sources */ = {isa = PBXBuildFile; fileRef = 99A6CAF529C98FEF00692B00 /* MovieMemoryAppUITests.swift */; };
		99A6CAF829C98FEF00692B00 /* MovieMemoryAppUITestsLaunchTests.swift in Sources */ = {isa = PBXBuildFile; fileRef = 99A6CAF729C98FEF00692B00 /* MovieMemoryAppUITestsLaunchTests.swift */; };
		99A6CB0B29C9943400692B00 /* HomeViewController.swift in Sources */ = {isa = PBXBuildFile; fileRef = 99A6CB0A29C9943400692B00 /* HomeViewController.swift */; };
		99A6CB1429C9A71400692B00 /* SearchViewController.swift in Sources */ = {isa = PBXBuildFile; fileRef = 99A6CB1329C9A71400692B00 /* SearchViewController.swift */; };
		99A6CB1A29C9A76E00692B00 /* BookListViewController.swift in Sources */ = {isa = PBXBuildFile; fileRef = 99A6CB1929C9A76E00692B00 /* BookListViewController.swift */; };
		99A6CB1C29C9A78500692B00 /* SettingViewController.swift in Sources */ = {isa = PBXBuildFile; fileRef = 99A6CB1B29C9A78500692B00 /* SettingViewController.swift */; };
		99A6CB1E29C9A79D00692B00 /* MovieDetailViewController.swift in Sources */ = {isa = PBXBuildFile; fileRef = 99A6CB1D29C9A79D00692B00 /* MovieDetailViewController.swift */; };
		99A6CB2029C9A7BD00692B00 /* SearchResultViewController.swift in Sources */ = {isa = PBXBuildFile; fileRef = 99A6CB1F29C9A7BD00692B00 /* SearchResultViewController.swift */; };
		99A6CB2529C9E89C00692B00 /* SearchTableViewCell.swift in Sources */ = {isa = PBXBuildFile; fileRef = 99A6CB2329C9E89C00692B00 /* SearchTableViewCell.swift */; };
		99A6CB2629C9E89C00692B00 /* SearchTableViewCell.xib in Resources */ = {isa = PBXBuildFile; fileRef = 99A6CB2429C9E89C00692B00 /* SearchTableViewCell.xib */; };
		99A6CB2A29CC994100692B00 /* SearchViewController.xib in Resources */ = {isa = PBXBuildFile; fileRef = 99A6CB2829CC994000692B00 /* SearchViewController.xib */; };
		99A6CB2C29CC99A600692B00 /* BookListViewController.xib in Resources */ = {isa = PBXBuildFile; fileRef = 99A6CB2B29CC99A600692B00 /* BookListViewController.xib */; };
		99A6CB2E29CCA0DA00692B00 /* SettingViewController.xib in Resources */ = {isa = PBXBuildFile; fileRef = 99A6CB2D29CCA0DA00692B00 /* SettingViewController.xib */; };
		99A6CB3029CCA0F300692B00 /* MovieDetailViewController.xib in Resources */ = {isa = PBXBuildFile; fileRef = 99A6CB2F29CCA0F300692B00 /* MovieDetailViewController.xib */; };
		99A6CB3229CCA10A00692B00 /* SearchResultViewController.xib in Resources */ = {isa = PBXBuildFile; fileRef = 99A6CB3129CCA10A00692B00 /* SearchResultViewController.xib */; };
		99A6CB3429CCA12000692B00 /* HomeViewController.xib in Resources */ = {isa = PBXBuildFile; fileRef = 99A6CB3329CCA12000692B00 /* HomeViewController.xib */; };
		99A6CB3729D024FA00692B00 /* BookListCollectionViewCell.swift in Sources */ = {isa = PBXBuildFile; fileRef = 99A6CB3529D024FA00692B00 /* BookListCollectionViewCell.swift */; };
		99A6CB3829D024FA00692B00 /* BookListCollectionViewCell.xib in Resources */ = {isa = PBXBuildFile; fileRef = 99A6CB3629D024FA00692B00 /* BookListCollectionViewCell.xib */; };
		99DBD19529D64FEE00C9E2E7 /* SwinjectStoryboard.swift in Sources */ = {isa = PBXBuildFile; fileRef = 99DBD19429D64FEE00C9E2E7 /* SwinjectStoryboard.swift */; };
		99DBD19829D6520C00C9E2E7 /* MovieDataProvider.swift in Sources */ = {isa = PBXBuildFile; fileRef = 99DBD19729D6520C00C9E2E7 /* MovieDataProvider.swift */; };
		F558B656DEDD891DFE7E2DC8 /* Pods_MovieMemoryApp_MovieMemoryAppUITests.framework in Frameworks */ = {isa = PBXBuildFile; fileRef = E82736C6A790C0AE43FD83C1 /* Pods_MovieMemoryApp_MovieMemoryAppUITests.framework */; };
/* End PBXBuildFile section */

/* Begin PBXContainerItemProxy section */
		99A6CAE829C98FEF00692B00 /* PBXContainerItemProxy */ = {
			isa = PBXContainerItemProxy;
			containerPortal = 99A6CAC929C98FEB00692B00 /* Project object */;
			proxyType = 1;
			remoteGlobalIDString = 99A6CAD029C98FEB00692B00;
			remoteInfo = MovieMemoryApp;
		};
		99A6CAF229C98FEF00692B00 /* PBXContainerItemProxy */ = {
			isa = PBXContainerItemProxy;
			containerPortal = 99A6CAC929C98FEB00692B00 /* Project object */;
			proxyType = 1;
			remoteGlobalIDString = 99A6CAD029C98FEB00692B00;
			remoteInfo = MovieMemoryApp;
		};
/* End PBXContainerItemProxy section */

/* Begin PBXFileReference section */
		0EFBD0E1E739084B72643068 /* Pods-MovieMemoryApp.debug.xcconfig */ = {isa = PBXFileReference; includeInIndex = 1; lastKnownFileType = text.xcconfig; name = "Pods-MovieMemoryApp.debug.xcconfig"; path = "Target Support Files/Pods-MovieMemoryApp/Pods-MovieMemoryApp.debug.xcconfig"; sourceTree = "<group>"; };
		1A904AD2991E9B0432974370 /* Pods-MovieMemoryApp-MovieMemoryAppUITests.release.xcconfig */ = {isa = PBXFileReference; includeInIndex = 1; lastKnownFileType = text.xcconfig; name = "Pods-MovieMemoryApp-MovieMemoryAppUITests.release.xcconfig"; path = "Target Support Files/Pods-MovieMemoryApp-MovieMemoryAppUITests/Pods-MovieMemoryApp-MovieMemoryAppUITests.release.xcconfig"; sourceTree = "<group>"; };
		2D527A08864D05FE2D6FF325 /* Pods-MovieMemoryApp-MovieMemoryAppUITests.debug.xcconfig */ = {isa = PBXFileReference; includeInIndex = 1; lastKnownFileType = text.xcconfig; name = "Pods-MovieMemoryApp-MovieMemoryAppUITests.debug.xcconfig"; path = "Target Support Files/Pods-MovieMemoryApp-MovieMemoryAppUITests/Pods-MovieMemoryApp-MovieMemoryAppUITests.debug.xcconfig"; sourceTree = "<group>"; };
		327F1DF2A8B0FB64BF0A1BFC /* Pods-MovieMemoryAppTests.debug.xcconfig */ = {isa = PBXFileReference; includeInIndex = 1; lastKnownFileType = text.xcconfig; name = "Pods-MovieMemoryAppTests.debug.xcconfig"; path = "Target Support Files/Pods-MovieMemoryAppTests/Pods-MovieMemoryAppTests.debug.xcconfig"; sourceTree = "<group>"; };
		38DD8E7AA60E174763DF6DE5 /* Pods_MovieMemoryAppTests.framework */ = {isa = PBXFileReference; explicitFileType = wrapper.framework; includeInIndex = 0; path = Pods_MovieMemoryAppTests.framework; sourceTree = BUILT_PRODUCTS_DIR; };
		7491D3ACFD6A68F6C9D4B2DD /* Pods_MovieMemoryApp.framework */ = {isa = PBXFileReference; explicitFileType = wrapper.framework; includeInIndex = 0; path = Pods_MovieMemoryApp.framework; sourceTree = BUILT_PRODUCTS_DIR; };
		91E2B8464C39FEA9AAD0BA41 /* Pods-MovieMemoryAppTests.release.xcconfig */ = {isa = PBXFileReference; includeInIndex = 1; lastKnownFileType = text.xcconfig; name = "Pods-MovieMemoryAppTests.release.xcconfig"; path = "Target Support Files/Pods-MovieMemoryAppTests/Pods-MovieMemoryAppTests.release.xcconfig"; sourceTree = "<group>"; };
		9993345729D66653002C3A62 /* MovieDataRepository.swift */ = {isa = PBXFileReference; lastKnownFileType = sourcecode.swift; path = MovieDataRepository.swift; sourceTree = "<group>"; };
		9993345929D66682002C3A62 /* MovieDataRepositoryProtocol.swift */ = {isa = PBXFileReference; lastKnownFileType = sourcecode.swift; path = MovieDataRepositoryProtocol.swift; sourceTree = "<group>"; };
		99A6CAD129C98FEB00692B00 /* MovieMemoryApp.app */ = {isa = PBXFileReference; explicitFileType = wrapper.application; includeInIndex = 0; path = MovieMemoryApp.app; sourceTree = BUILT_PRODUCTS_DIR; };
		99A6CAD429C98FEB00692B00 /* AppDelegate.swift */ = {isa = PBXFileReference; lastKnownFileType = sourcecode.swift; path = AppDelegate.swift; sourceTree = "<group>"; };
		99A6CAD629C98FEB00692B00 /* SceneDelegate.swift */ = {isa = PBXFileReference; lastKnownFileType = sourcecode.swift; path = SceneDelegate.swift; sourceTree = "<group>"; };
		99A6CADB29C98FEB00692B00 /* Base */ = {isa = PBXFileReference; lastKnownFileType = file.storyboard; name = Base; path = Base.lproj/Main.storyboard; sourceTree = "<group>"; };
		99A6CADD29C98FEE00692B00 /* Assets.xcassets */ = {isa = PBXFileReference; lastKnownFileType = folder.assetcatalog; path = Assets.xcassets; sourceTree = "<group>"; };
		99A6CAE029C98FEE00692B00 /* Base */ = {isa = PBXFileReference; lastKnownFileType = file.storyboard; name = Base; path = Base.lproj/LaunchScreen.storyboard; sourceTree = "<group>"; };
		99A6CAE229C98FEE00692B00 /* Info.plist */ = {isa = PBXFileReference; lastKnownFileType = text.plist.xml; path = Info.plist; sourceTree = "<group>"; };
		99A6CAE729C98FEF00692B00 /* MovieMemoryAppTests.xctest */ = {isa = PBXFileReference; explicitFileType = wrapper.cfbundle; includeInIndex = 0; path = MovieMemoryAppTests.xctest; sourceTree = BUILT_PRODUCTS_DIR; };
		99A6CAEB29C98FEF00692B00 /* MovieMemoryAppTests.swift */ = {isa = PBXFileReference; lastKnownFileType = sourcecode.swift; path = MovieMemoryAppTests.swift; sourceTree = "<group>"; };
		99A6CAF129C98FEF00692B00 /* MovieMemoryAppUITests.xctest */ = {isa = PBXFileReference; explicitFileType = wrapper.cfbundle; includeInIndex = 0; path = MovieMemoryAppUITests.xctest; sourceTree = BUILT_PRODUCTS_DIR; };
		99A6CAF529C98FEF00692B00 /* MovieMemoryAppUITests.swift */ = {isa = PBXFileReference; lastKnownFileType = sourcecode.swift; path = MovieMemoryAppUITests.swift; sourceTree = "<group>"; };
		99A6CAF729C98FEF00692B00 /* MovieMemoryAppUITestsLaunchTests.swift */ = {isa = PBXFileReference; lastKnownFileType = sourcecode.swift; path = MovieMemoryAppUITestsLaunchTests.swift; sourceTree = "<group>"; };
		99A6CB0A29C9943400692B00 /* HomeViewController.swift */ = {isa = PBXFileReference; lastKnownFileType = sourcecode.swift; path = HomeViewController.swift; sourceTree = "<group>"; };
		99A6CB1329C9A71400692B00 /* SearchViewController.swift */ = {isa = PBXFileReference; lastKnownFileType = sourcecode.swift; path = SearchViewController.swift; sourceTree = "<group>"; };
		99A6CB1929C9A76E00692B00 /* BookListViewController.swift */ = {isa = PBXFileReference; lastKnownFileType = sourcecode.swift; path = BookListViewController.swift; sourceTree = "<group>"; };
		99A6CB1B29C9A78500692B00 /* SettingViewController.swift */ = {isa = PBXFileReference; lastKnownFileType = sourcecode.swift; path = SettingViewController.swift; sourceTree = "<group>"; };
		99A6CB1D29C9A79D00692B00 /* MovieDetailViewController.swift */ = {isa = PBXFileReference; lastKnownFileType = sourcecode.swift; path = MovieDetailViewController.swift; sourceTree = "<group>"; };
		99A6CB1F29C9A7BD00692B00 /* SearchResultViewController.swift */ = {isa = PBXFileReference; lastKnownFileType = sourcecode.swift; path = SearchResultViewController.swift; sourceTree = "<group>"; };
		99A6CB2329C9E89C00692B00 /* SearchTableViewCell.swift */ = {isa = PBXFileReference; lastKnownFileType = sourcecode.swift; path = SearchTableViewCell.swift; sourceTree = "<group>"; };
		99A6CB2429C9E89C00692B00 /* SearchTableViewCell.xib */ = {isa = PBXFileReference; lastKnownFileType = file.xib; path = SearchTableViewCell.xib; sourceTree = "<group>"; };
		99A6CB2829CC994000692B00 /* SearchViewController.xib */ = {isa = PBXFileReference; lastKnownFileType = file.xib; path = SearchViewController.xib; sourceTree = "<group>"; };
		99A6CB2B29CC99A600692B00 /* BookListViewController.xib */ = {isa = PBXFileReference; lastKnownFileType = file.xib; path = BookListViewController.xib; sourceTree = "<group>"; };
		99A6CB2D29CCA0DA00692B00 /* SettingViewController.xib */ = {isa = PBXFileReference; lastKnownFileType = file.xib; path = SettingViewController.xib; sourceTree = "<group>"; };
		99A6CB2F29CCA0F300692B00 /* MovieDetailViewController.xib */ = {isa = PBXFileReference; lastKnownFileType = file.xib; path = MovieDetailViewController.xib; sourceTree = "<group>"; };
		99A6CB3129CCA10A00692B00 /* SearchResultViewController.xib */ = {isa = PBXFileReference; lastKnownFileType = file.xib; path = SearchResultViewController.xib; sourceTree = "<group>"; };
		99A6CB3329CCA12000692B00 /* HomeViewController.xib */ = {isa = PBXFileReference; lastKnownFileType = file.xib; path = HomeViewController.xib; sourceTree = "<group>"; };
		99A6CB3529D024FA00692B00 /* BookListCollectionViewCell.swift */ = {isa = PBXFileReference; lastKnownFileType = sourcecode.swift; path = BookListCollectionViewCell.swift; sourceTree = "<group>"; };
		99A6CB3629D024FA00692B00 /* BookListCollectionViewCell.xib */ = {isa = PBXFileReference; lastKnownFileType = file.xib; path = BookListCollectionViewCell.xib; sourceTree = "<group>"; };
		99DBD19429D64FEE00C9E2E7 /* SwinjectStoryboard.swift */ = {isa = PBXFileReference; lastKnownFileType = sourcecode.swift; path = SwinjectStoryboard.swift; sourceTree = "<group>"; };
		99DBD19729D6520C00C9E2E7 /* MovieDataProvider.swift */ = {isa = PBXFileReference; lastKnownFileType = sourcecode.swift; path = MovieDataProvider.swift; sourceTree = "<group>"; };
		BF218A905BF6ED5C461FE06E /* Pods-MovieMemoryApp.release.xcconfig */ = {isa = PBXFileReference; includeInIndex = 1; lastKnownFileType = text.xcconfig; name = "Pods-MovieMemoryApp.release.xcconfig"; path = "Target Support Files/Pods-MovieMemoryApp/Pods-MovieMemoryApp.release.xcconfig"; sourceTree = "<group>"; };
		E82736C6A790C0AE43FD83C1 /* Pods_MovieMemoryApp_MovieMemoryAppUITests.framework */ = {isa = PBXFileReference; explicitFileType = wrapper.framework; includeInIndex = 0; path = Pods_MovieMemoryApp_MovieMemoryAppUITests.framework; sourceTree = BUILT_PRODUCTS_DIR; };
/* End PBXFileReference section */

/* Begin PBXFrameworksBuildPhase section */
		99A6CACE29C98FEB00692B00 /* Frameworks */ = {
			isa = PBXFrameworksBuildPhase;
			buildActionMask = 2147483647;
			files = (
				75497A20F337B907BDFF41B7 /* Pods_MovieMemoryApp.framework in Frameworks */,
			);
			runOnlyForDeploymentPostprocessing = 0;
		};
		99A6CAE429C98FEF00692B00 /* Frameworks */ = {
			isa = PBXFrameworksBuildPhase;
			buildActionMask = 2147483647;
			files = (
				26FF86EF31D5B5E19A5AB5F8 /* Pods_MovieMemoryAppTests.framework in Frameworks */,
			);
			runOnlyForDeploymentPostprocessing = 0;
		};
		99A6CAEE29C98FEF00692B00 /* Frameworks */ = {
			isa = PBXFrameworksBuildPhase;
			buildActionMask = 2147483647;
			files = (
				F558B656DEDD891DFE7E2DC8 /* Pods_MovieMemoryApp_MovieMemoryAppUITests.framework in Frameworks */,
			);
			runOnlyForDeploymentPostprocessing = 0;
		};
/* End PBXFrameworksBuildPhase section */

/* Begin PBXGroup section */
		10C96DCC6A10D29EA58CD84F /* Pods */ = {
			isa = PBXGroup;
			children = (
				0EFBD0E1E739084B72643068 /* Pods-MovieMemoryApp.debug.xcconfig */,
				BF218A905BF6ED5C461FE06E /* Pods-MovieMemoryApp.release.xcconfig */,
				2D527A08864D05FE2D6FF325 /* Pods-MovieMemoryApp-MovieMemoryAppUITests.debug.xcconfig */,
				1A904AD2991E9B0432974370 /* Pods-MovieMemoryApp-MovieMemoryAppUITests.release.xcconfig */,
				327F1DF2A8B0FB64BF0A1BFC /* Pods-MovieMemoryAppTests.debug.xcconfig */,
				91E2B8464C39FEA9AAD0BA41 /* Pods-MovieMemoryAppTests.release.xcconfig */,
			);
			path = Pods;
			sourceTree = "<group>";
		};
		65F8CDE268C988B133BE149B /* Frameworks */ = {
			isa = PBXGroup;
			children = (
				7491D3ACFD6A68F6C9D4B2DD /* Pods_MovieMemoryApp.framework */,
				E82736C6A790C0AE43FD83C1 /* Pods_MovieMemoryApp_MovieMemoryAppUITests.framework */,
				38DD8E7AA60E174763DF6DE5 /* Pods_MovieMemoryAppTests.framework */,
			);
			name = Frameworks;
			sourceTree = "<group>";
		};
		9993345529D66500002C3A62 /* Repositories */ = {
			isa = PBXGroup;
			children = (
				9993345729D66653002C3A62 /* MovieDataRepository.swift */,
				9993345929D66682002C3A62 /* MovieDataRepositoryProtocol.swift */,
			);
			path = Repositories;
			sourceTree = "<group>";
		};
		9993345629D665B2002C3A62 /* Resources */ = {
			isa = PBXGroup;
			children = (
				99A6CADD29C98FEE00692B00 /* Assets.xcassets */,
			);
			path = Resources;
			sourceTree = "<group>";
		};
		99A6CAC829C98FEB00692B00 = {
			isa = PBXGroup;
			children = (
				99A6CAD329C98FEB00692B00 /* MovieMemoryApp */,
				99A6CAEA29C98FEF00692B00 /* MovieMemoryAppTests */,
				99A6CAF429C98FEF00692B00 /* MovieMemoryAppUITests */,
				99A6CAD229C98FEB00692B00 /* Products */,
				10C96DCC6A10D29EA58CD84F /* Pods */,
				65F8CDE268C988B133BE149B /* Frameworks */,
			);
			sourceTree = "<group>";
		};
		99A6CAD229C98FEB00692B00 /* Products */ = {
			isa = PBXGroup;
			children = (
				99A6CAD129C98FEB00692B00 /* MovieMemoryApp.app */,
				99A6CAE729C98FEF00692B00 /* MovieMemoryAppTests.xctest */,
				99A6CAF129C98FEF00692B00 /* MovieMemoryAppUITests.xctest */,
			);
			name = Products;
			sourceTree = "<group>";
		};
		99A6CAD329C98FEB00692B00 /* MovieMemoryApp */ = {
			isa = PBXGroup;
			children = (
				99A6CB2129C9E80B00692B00 /* Util */,
				99A6CB1029C9A4F800692B00 /* Modules */,
				9993345629D665B2002C3A62 /* Resources */,
				99A6CAD429C98FEB00692B00 /* AppDelegate.swift */,
				99A6CAD629C98FEB00692B00 /* SceneDelegate.swift */,
				99A6CADA29C98FEB00692B00 /* Main.storyboard */,
				99A6CADF29C98FEE00692B00 /* LaunchScreen.storyboard */,
				99A6CAE229C98FEE00692B00 /* Info.plist */,
			);
			path = MovieMemoryApp;
			sourceTree = "<group>";
		};
		99A6CAEA29C98FEF00692B00 /* MovieMemoryAppTests */ = {
			isa = PBXGroup;
			children = (
				99A6CAEB29C98FEF00692B00 /* MovieMemoryAppTests.swift */,
			);
			path = MovieMemoryAppTests;
			sourceTree = "<group>";
		};
		99A6CAF429C98FEF00692B00 /* MovieMemoryAppUITests */ = {
			isa = PBXGroup;
			children = (
				99A6CAF529C98FEF00692B00 /* MovieMemoryAppUITests.swift */,
				99A6CAF729C98FEF00692B00 /* MovieMemoryAppUITestsLaunchTests.swift */,
			);
			path = MovieMemoryAppUITests;
			sourceTree = "<group>";
		};
		99A6CB0429C9915000692B00 /* Home */ = {
			isa = PBXGroup;
			children = (
				99A6CB0529C991DA00692B00 /* ViewController */,
				99A6CB0629C991FB00692B00 /* Presenter */,
				99A6CB0729C9920700692B00 /* Interactor */,
			);
			path = Home;
			sourceTree = "<group>";
		};
		99A6CB0529C991DA00692B00 /* ViewController */ = {
			isa = PBXGroup;
			children = (
				99A6CB0A29C9943400692B00 /* HomeViewController.swift */,
				99A6CB3329CCA12000692B00 /* HomeViewController.xib */,
			);
			path = ViewController;
			sourceTree = "<group>";
		};
		99A6CB0629C991FB00692B00 /* Presenter */ = {
			isa = PBXGroup;
			children = (
			);
			path = Presenter;
			sourceTree = "<group>";
		};
		99A6CB0729C9920700692B00 /* Interactor */ = {
			isa = PBXGroup;
			children = (
			);
			path = Interactor;
			sourceTree = "<group>";
		};
		99A6CB0C29C9A3A000692B00 /* Search */ = {
			isa = PBXGroup;
			children = (
				99A6CB1229C9A6FB00692B00 /* ViewController */,
			);
			path = Search;
			sourceTree = "<group>";
		};
		99A6CB0D29C9A3AD00692B00 /* BookList */ = {
			isa = PBXGroup;
			children = (
				99A6CB1529C9A72700692B00 /* ViewController */,
			);
			path = BookList;
			sourceTree = "<group>";
		};
		99A6CB0E29C9A3CC00692B00 /* Setting */ = {
			isa = PBXGroup;
			children = (
				99A6CB1629C9A73D00692B00 /* ViewController */,
			);
			path = Setting;
			sourceTree = "<group>";
		};
		99A6CB0F29C9A3EC00692B00 /* MovieDetail */ = {
			isa = PBXGroup;
			children = (
				99A6CB1729C9A74A00692B00 /* ViewController */,
			);
			path = MovieDetail;
			sourceTree = "<group>";
		};
		99A6CB1029C9A4F800692B00 /* Modules */ = {
			isa = PBXGroup;
			children = (
				99A6CB0429C9915000692B00 /* Home */,
				99A6CB0C29C9A3A000692B00 /* Search */,
				99A6CB0D29C9A3AD00692B00 /* BookList */,
				99A6CB0E29C9A3CC00692B00 /* Setting */,
				99A6CB0F29C9A3EC00692B00 /* MovieDetail */,
				99A6CB1129C9A54400692B00 /* SearchResult */,
			);
			path = Modules;
			sourceTree = "<group>";
		};
		99A6CB1129C9A54400692B00 /* SearchResult */ = {
			isa = PBXGroup;
			children = (
				99A6CB1829C9A75400692B00 /* ViewController */,
			);
			path = SearchResult;
			sourceTree = "<group>";
		};
		99A6CB1229C9A6FB00692B00 /* ViewController */ = {
			isa = PBXGroup;
			children = (
				99A6CB1329C9A71400692B00 /* SearchViewController.swift */,
				99A6CB2829CC994000692B00 /* SearchViewController.xib */,
			);
			path = ViewController;
			sourceTree = "<group>";
		};
		99A6CB1529C9A72700692B00 /* ViewController */ = {
			isa = PBXGroup;
			children = (
				99A6CB1929C9A76E00692B00 /* BookListViewController.swift */,
				99A6CB2B29CC99A600692B00 /* BookListViewController.xib */,
			);
			path = ViewController;
			sourceTree = "<group>";
		};
		99A6CB1629C9A73D00692B00 /* ViewController */ = {
			isa = PBXGroup;
			children = (
				99A6CB1B29C9A78500692B00 /* SettingViewController.swift */,
				99A6CB2D29CCA0DA00692B00 /* SettingViewController.xib */,
			);
			path = ViewController;
			sourceTree = "<group>";
		};
		99A6CB1729C9A74A00692B00 /* ViewController */ = {
			isa = PBXGroup;
			children = (
				99A6CB1D29C9A79D00692B00 /* MovieDetailViewController.swift */,
				99A6CB2F29CCA0F300692B00 /* MovieDetailViewController.xib */,
			);
			path = ViewController;
			sourceTree = "<group>";
		};
		99A6CB1829C9A75400692B00 /* ViewController */ = {
			isa = PBXGroup;
			children = (
				99A6CB1F29C9A7BD00692B00 /* SearchResultViewController.swift */,
				99A6CB3129CCA10A00692B00 /* SearchResultViewController.xib */,
			);
			path = ViewController;
			sourceTree = "<group>";
		};
		99A6CB2129C9E80B00692B00 /* Util */ = {
			isa = PBXGroup;
			children = (
				9993345529D66500002C3A62 /* Repositories */,
				99DBD19629D651DD00C9E2E7 /* Data */,
				99DBD19329D64F3300C9E2E7 /* DI */,
				99A6CB2229C9E81600692B00 /* CustomCell */,
			);
			path = Util;
			sourceTree = "<group>";
		};
		99A6CB2229C9E81600692B00 /* CustomCell */ = {
			isa = PBXGroup;
			children = (
				99A6CB2329C9E89C00692B00 /* SearchTableViewCell.swift */,
				99A6CB2429C9E89C00692B00 /* SearchTableViewCell.xib */,
				99A6CB3529D024FA00692B00 /* BookListCollectionViewCell.swift */,
				99A6CB3629D024FA00692B00 /* BookListCollectionViewCell.xib */,
			);
			path = CustomCell;
			sourceTree = "<group>";
		};
		99DBD19329D64F3300C9E2E7 /* DI */ = {
			isa = PBXGroup;
			children = (
				99DBD19429D64FEE00C9E2E7 /* SwinjectStoryboard.swift */,
			);
			path = DI;
			sourceTree = "<group>";
		};
		99DBD19629D651DD00C9E2E7 /* Data */ = {
			isa = PBXGroup;
			children = (
				99DBD19729D6520C00C9E2E7 /* MovieDataProvider.swift */,
			);
			path = Data;
			sourceTree = "<group>";
		};
/* End PBXGroup section */

/* Begin PBXNativeTarget section */
		99A6CAD029C98FEB00692B00 /* MovieMemoryApp */ = {
			isa = PBXNativeTarget;
			buildConfigurationList = 99A6CAFB29C98FEF00692B00 /* Build configuration list for PBXNativeTarget "MovieMemoryApp" */;
			buildPhases = (
				2465EB325FB995CB9638BE56 /* [CP] Check Pods Manifest.lock */,
				99A6CACD29C98FEB00692B00 /* Sources */,
				99A6CACE29C98FEB00692B00 /* Frameworks */,
				99A6CACF29C98FEB00692B00 /* Resources */,
				99A6CB3929D02B6700692B00 /* Run SwiftLint */,
				15AB521359C6700C307DDFDC /* [CP] Embed Pods Frameworks */,
			);
			buildRules = (
			);
			dependencies = (
			);
			name = MovieMemoryApp;
			packageProductDependencies = (
			);
			productName = MovieMemoryApp;
			productReference = 99A6CAD129C98FEB00692B00 /* MovieMemoryApp.app */;
			productType = "com.apple.product-type.application";
		};
		99A6CAE629C98FEF00692B00 /* MovieMemoryAppTests */ = {
			isa = PBXNativeTarget;
			buildConfigurationList = 99A6CAFE29C98FEF00692B00 /* Build configuration list for PBXNativeTarget "MovieMemoryAppTests" */;
			buildPhases = (
				4DC45A8C5AA19107C36B2A69 /* [CP] Check Pods Manifest.lock */,
				99A6CAE329C98FEF00692B00 /* Sources */,
				99A6CAE429C98FEF00692B00 /* Frameworks */,
				99A6CAE529C98FEF00692B00 /* Resources */,
			);
			buildRules = (
			);
			dependencies = (
				99A6CAE929C98FEF00692B00 /* PBXTargetDependency */,
			);
			name = MovieMemoryAppTests;
			productName = MovieMemoryAppTests;
			productReference = 99A6CAE729C98FEF00692B00 /* MovieMemoryAppTests.xctest */;
			productType = "com.apple.product-type.bundle.unit-test";
		};
		99A6CAF029C98FEF00692B00 /* MovieMemoryAppUITests */ = {
			isa = PBXNativeTarget;
			buildConfigurationList = 99A6CB0129C98FEF00692B00 /* Build configuration list for PBXNativeTarget "MovieMemoryAppUITests" */;
			buildPhases = (
				BFBC6C448D0522F12A6D3BD7 /* [CP] Check Pods Manifest.lock */,
				99A6CAED29C98FEF00692B00 /* Sources */,
				99A6CAEE29C98FEF00692B00 /* Frameworks */,
				99A6CAEF29C98FEF00692B00 /* Resources */,
				C3512DA42B6CCCACC7ACA6F0 /* [CP] Embed Pods Frameworks */,
			);
			buildRules = (
			);
			dependencies = (
				99A6CAF329C98FEF00692B00 /* PBXTargetDependency */,
			);
			name = MovieMemoryAppUITests;
			productName = MovieMemoryAppUITests;
			productReference = 99A6CAF129C98FEF00692B00 /* MovieMemoryAppUITests.xctest */;
			productType = "com.apple.product-type.bundle.ui-testing";
		};
/* End PBXNativeTarget section */

/* Begin PBXProject section */
		99A6CAC929C98FEB00692B00 /* Project object */ = {
			isa = PBXProject;
			attributes = {
				BuildIndependentTargetsInParallel = 1;
				LastSwiftUpdateCheck = 1420;
				LastUpgradeCheck = 1420;
				TargetAttributes = {
					99A6CAD029C98FEB00692B00 = {
						CreatedOnToolsVersion = 14.2;
					};
					99A6CAE629C98FEF00692B00 = {
						CreatedOnToolsVersion = 14.2;
						TestTargetID = 99A6CAD029C98FEB00692B00;
					};
					99A6CAF029C98FEF00692B00 = {
						CreatedOnToolsVersion = 14.2;
						TestTargetID = 99A6CAD029C98FEB00692B00;
					};
				};
			};
			buildConfigurationList = 99A6CACC29C98FEB00692B00 /* Build configuration list for PBXProject "MovieMemoryApp" */;
			compatibilityVersion = "Xcode 14.0";
			developmentRegion = en;
			hasScannedForEncodings = 0;
			knownRegions = (
				en,
				Base,
			);
			mainGroup = 99A6CAC829C98FEB00692B00;
			packageReferences = (
			);
			productRefGroup = 99A6CAD229C98FEB00692B00 /* Products */;
			projectDirPath = "";
			projectRoot = "";
			targets = (
				99A6CAD029C98FEB00692B00 /* MovieMemoryApp */,
				99A6CAE629C98FEF00692B00 /* MovieMemoryAppTests */,
				99A6CAF029C98FEF00692B00 /* MovieMemoryAppUITests */,
			);
		};
/* End PBXProject section */

/* Begin PBXResourcesBuildPhase section */
		99A6CACF29C98FEB00692B00 /* Resources */ = {
			isa = PBXResourcesBuildPhase;
			buildActionMask = 2147483647;
			files = (
				99A6CB3029CCA0F300692B00 /* MovieDetailViewController.xib in Resources */,
				99A6CB2E29CCA0DA00692B00 /* SettingViewController.xib in Resources */,
				99A6CAE129C98FEE00692B00 /* LaunchScreen.storyboard in Resources */,
				99A6CB3229CCA10A00692B00 /* SearchResultViewController.xib in Resources */,
				99A6CB2629C9E89C00692B00 /* SearchTableViewCell.xib in Resources */,
				99A6CB3829D024FA00692B00 /* BookListCollectionViewCell.xib in Resources */,
				99A6CB2A29CC994100692B00 /* SearchViewController.xib in Resources */,
				99A6CADE29C98FEE00692B00 /* Assets.xcassets in Resources */,
				99A6CB3429CCA12000692B00 /* HomeViewController.xib in Resources */,
				99A6CADC29C98FEB00692B00 /* Main.storyboard in Resources */,
				99A6CB2C29CC99A600692B00 /* BookListViewController.xib in Resources */,
			);
			runOnlyForDeploymentPostprocessing = 0;
		};
		99A6CAE529C98FEF00692B00 /* Resources */ = {
			isa = PBXResourcesBuildPhase;
			buildActionMask = 2147483647;
			files = (
			);
			runOnlyForDeploymentPostprocessing = 0;
		};
		99A6CAEF29C98FEF00692B00 /* Resources */ = {
			isa = PBXResourcesBuildPhase;
			buildActionMask = 2147483647;
			files = (
			);
			runOnlyForDeploymentPostprocessing = 0;
		};
/* End PBXResourcesBuildPhase section */

/* Begin PBXShellScriptBuildPhase section */
		15AB521359C6700C307DDFDC /* [CP] Embed Pods Frameworks */ = {
			isa = PBXShellScriptBuildPhase;
			buildActionMask = 2147483647;
			files = (
			);
			inputFileListPaths = (
				"${PODS_ROOT}/Target Support Files/Pods-MovieMemoryApp/Pods-MovieMemoryApp-frameworks-${CONFIGURATION}-input-files.xcfilelist",
			);
			name = "[CP] Embed Pods Frameworks";
			outputFileListPaths = (
				"${PODS_ROOT}/Target Support Files/Pods-MovieMemoryApp/Pods-MovieMemoryApp-frameworks-${CONFIGURATION}-output-files.xcfilelist",
			);
			runOnlyForDeploymentPostprocessing = 0;
			shellPath = /bin/sh;
			shellScript = "\"${PODS_ROOT}/Target Support Files/Pods-MovieMemoryApp/Pods-MovieMemoryApp-frameworks.sh\"\n";
			showEnvVarsInLog = 0;
		};
		2465EB325FB995CB9638BE56 /* [CP] Check Pods Manifest.lock */ = {
			isa = PBXShellScriptBuildPhase;
			buildActionMask = 2147483647;
			files = (
			);
			inputFileListPaths = (
			);
			inputPaths = (
				"${PODS_PODFILE_DIR_PATH}/Podfile.lock",
				"${PODS_ROOT}/Manifest.lock",
			);
			name = "[CP] Check Pods Manifest.lock";
			outputFileListPaths = (
			);
			outputPaths = (
				"$(DERIVED_FILE_DIR)/Pods-MovieMemoryApp-checkManifestLockResult.txt",
			);
			runOnlyForDeploymentPostprocessing = 0;
			shellPath = /bin/sh;
			shellScript = "diff \"${PODS_PODFILE_DIR_PATH}/Podfile.lock\" \"${PODS_ROOT}/Manifest.lock\" > /dev/null\nif [ $? != 0 ] ; then\n    # print error to STDERR\n    echo \"error: The sandbox is not in sync with the Podfile.lock. Run 'pod install' or update your CocoaPods installation.\" >&2\n    exit 1\nfi\n# This output is used by Xcode 'outputs' to avoid re-running this script phase.\necho \"SUCCESS\" > \"${SCRIPT_OUTPUT_FILE_0}\"\n";
			showEnvVarsInLog = 0;
		};
		4DC45A8C5AA19107C36B2A69 /* [CP] Check Pods Manifest.lock */ = {
			isa = PBXShellScriptBuildPhase;
			buildActionMask = 2147483647;
			files = (
			);
			inputFileListPaths = (
			);
			inputPaths = (
				"${PODS_PODFILE_DIR_PATH}/Podfile.lock",
				"${PODS_ROOT}/Manifest.lock",
			);
			name = "[CP] Check Pods Manifest.lock";
			outputFileListPaths = (
			);
			outputPaths = (
				"$(DERIVED_FILE_DIR)/Pods-MovieMemoryAppTests-checkManifestLockResult.txt",
			);
			runOnlyForDeploymentPostprocessing = 0;
			shellPath = /bin/sh;
			shellScript = "diff \"${PODS_PODFILE_DIR_PATH}/Podfile.lock\" \"${PODS_ROOT}/Manifest.lock\" > /dev/null\nif [ $? != 0 ] ; then\n    # print error to STDERR\n    echo \"error: The sandbox is not in sync with the Podfile.lock. Run 'pod install' or update your CocoaPods installation.\" >&2\n    exit 1\nfi\n# This output is used by Xcode 'outputs' to avoid re-running this script phase.\necho \"SUCCESS\" > \"${SCRIPT_OUTPUT_FILE_0}\"\n";
			showEnvVarsInLog = 0;
		};
		99A6CB3929D02B6700692B00 /* Run SwiftLint */ = {
			isa = PBXShellScriptBuildPhase;
			buildActionMask = 2147483647;
			files = (
			);
			inputFileListPaths = (
			);
			inputPaths = (
			);
			name = "Run SwiftLint";
			outputFileListPaths = (
			);
			outputPaths = (
			);
			runOnlyForDeploymentPostprocessing = 0;
			shellPath = /bin/sh;
			shellScript = "if which swiftlint >/dev/null; then\n  swiftlint autocorrect --format # 自動修正の有効化\n  swiftlint\nelse\n  echo \"SwiftLint does not exist, download from https://github.com/realm/SwiftLint\"\nfi\n";
		};
		BFBC6C448D0522F12A6D3BD7 /* [CP] Check Pods Manifest.lock */ = {
			isa = PBXShellScriptBuildPhase;
			buildActionMask = 2147483647;
			files = (
			);
			inputFileListPaths = (
			);
			inputPaths = (
				"${PODS_PODFILE_DIR_PATH}/Podfile.lock",
				"${PODS_ROOT}/Manifest.lock",
			);
			name = "[CP] Check Pods Manifest.lock";
			outputFileListPaths = (
			);
			outputPaths = (
				"$(DERIVED_FILE_DIR)/Pods-MovieMemoryApp-MovieMemoryAppUITests-checkManifestLockResult.txt",
			);
			runOnlyForDeploymentPostprocessing = 0;
			shellPath = /bin/sh;
			shellScript = "diff \"${PODS_PODFILE_DIR_PATH}/Podfile.lock\" \"${PODS_ROOT}/Manifest.lock\" > /dev/null\nif [ $? != 0 ] ; then\n    # print error to STDERR\n    echo \"error: The sandbox is not in sync with the Podfile.lock. Run 'pod install' or update your CocoaPods installation.\" >&2\n    exit 1\nfi\n# This output is used by Xcode 'outputs' to avoid re-running this script phase.\necho \"SUCCESS\" > \"${SCRIPT_OUTPUT_FILE_0}\"\n";
			showEnvVarsInLog = 0;
		};
		C3512DA42B6CCCACC7ACA6F0 /* [CP] Embed Pods Frameworks */ = {
			isa = PBXShellScriptBuildPhase;
			buildActionMask = 2147483647;
			files = (
			);
			inputFileListPaths = (
				"${PODS_ROOT}/Target Support Files/Pods-MovieMemoryApp-MovieMemoryAppUITests/Pods-MovieMemoryApp-MovieMemoryAppUITests-frameworks-${CONFIGURATION}-input-files.xcfilelist",
			);
			name = "[CP] Embed Pods Frameworks";
			outputFileListPaths = (
				"${PODS_ROOT}/Target Support Files/Pods-MovieMemoryApp-MovieMemoryAppUITests/Pods-MovieMemoryApp-MovieMemoryAppUITests-frameworks-${CONFIGURATION}-output-files.xcfilelist",
			);
			runOnlyForDeploymentPostprocessing = 0;
			shellPath = /bin/sh;
			shellScript = "\"${PODS_ROOT}/Target Support Files/Pods-MovieMemoryApp-MovieMemoryAppUITests/Pods-MovieMemoryApp-MovieMemoryAppUITests-frameworks.sh\"\n";
			showEnvVarsInLog = 0;
		};
/* End PBXShellScriptBuildPhase section */

/* Begin PBXSourcesBuildPhase section */
		99A6CACD29C98FEB00692B00 /* Sources */ = {
			isa = PBXSourcesBuildPhase;
			buildActionMask = 2147483647;
			files = (
				99DBD19829D6520C00C9E2E7 /* MovieDataProvider.swift in Sources */,
				99A6CB2529C9E89C00692B00 /* SearchTableViewCell.swift in Sources */,
				99A6CAD529C98FEB00692B00 /* AppDelegate.swift in Sources */,
				99A6CAD729C98FEB00692B00 /* SceneDelegate.swift in Sources */,
				99DBD19529D64FEE00C9E2E7 /* SwinjectStoryboard.swift in Sources */,
				9993345829D66654002C3A62 /* MovieDataRepository.swift in Sources */,
				99A6CB1429C9A71400692B00 /* SearchViewController.swift in Sources */,
				99A6CB0B29C9943400692B00 /* HomeViewController.swift in Sources */,
				99A6CB1E29C9A79D00692B00 /* MovieDetailViewController.swift in Sources */,
				99A6CB1A29C9A76E00692B00 /* BookListViewController.swift in Sources */,
				9993345A29D66682002C3A62 /* MovieDataRepositoryProtocol.swift in Sources */,
				99A6CB2029C9A7BD00692B00 /* SearchResultViewController.swift in Sources */,
				99A6CB3729D024FA00692B00 /* BookListCollectionViewCell.swift in Sources */,
				99A6CB1C29C9A78500692B00 /* SettingViewController.swift in Sources */,
			);
			runOnlyForDeploymentPostprocessing = 0;
		};
		99A6CAE329C98FEF00692B00 /* Sources */ = {
			isa = PBXSourcesBuildPhase;
			buildActionMask = 2147483647;
			files = (
				99A6CAEC29C98FEF00692B00 /* MovieMemoryAppTests.swift in Sources */,
			);
			runOnlyForDeploymentPostprocessing = 0;
		};
		99A6CAED29C98FEF00692B00 /* Sources */ = {
			isa = PBXSourcesBuildPhase;
			buildActionMask = 2147483647;
			files = (
				99A6CAF829C98FEF00692B00 /* MovieMemoryAppUITestsLaunchTests.swift in Sources */,
				99A6CAF629C98FEF00692B00 /* MovieMemoryAppUITests.swift in Sources */,
			);
			runOnlyForDeploymentPostprocessing = 0;
		};
/* End PBXSourcesBuildPhase section */

/* Begin PBXTargetDependency section */
		99A6CAE929C98FEF00692B00 /* PBXTargetDependency */ = {
			isa = PBXTargetDependency;
			target = 99A6CAD029C98FEB00692B00 /* MovieMemoryApp */;
			targetProxy = 99A6CAE829C98FEF00692B00 /* PBXContainerItemProxy */;
		};
		99A6CAF329C98FEF00692B00 /* PBXTargetDependency */ = {
			isa = PBXTargetDependency;
			target = 99A6CAD029C98FEB00692B00 /* MovieMemoryApp */;
			targetProxy = 99A6CAF229C98FEF00692B00 /* PBXContainerItemProxy */;
		};
/* End PBXTargetDependency section */

/* Begin PBXVariantGroup section */
		99A6CADA29C98FEB00692B00 /* Main.storyboard */ = {
			isa = PBXVariantGroup;
			children = (
				99A6CADB29C98FEB00692B00 /* Base */,
			);
			name = Main.storyboard;
			sourceTree = "<group>";
		};
		99A6CADF29C98FEE00692B00 /* LaunchScreen.storyboard */ = {
			isa = PBXVariantGroup;
			children = (
				99A6CAE029C98FEE00692B00 /* Base */,
			);
			name = LaunchScreen.storyboard;
			sourceTree = "<group>";
		};
/* End PBXVariantGroup section */

/* Begin XCBuildConfiguration section */
		99A6CAF929C98FEF00692B00 /* Debug */ = {
			isa = XCBuildConfiguration;
			buildSettings = {
				ALWAYS_SEARCH_USER_PATHS = NO;
				CLANG_ANALYZER_NONNULL = YES;
				CLANG_ANALYZER_NUMBER_OBJECT_CONVERSION = YES_AGGRESSIVE;
				CLANG_CXX_LANGUAGE_STANDARD = "gnu++20";
				CLANG_ENABLE_MODULES = YES;
				CLANG_ENABLE_OBJC_ARC = YES;
				CLANG_ENABLE_OBJC_WEAK = YES;
				CLANG_WARN_BLOCK_CAPTURE_AUTORELEASING = YES;
				CLANG_WARN_BOOL_CONVERSION = YES;
				CLANG_WARN_COMMA = YES;
				CLANG_WARN_CONSTANT_CONVERSION = YES;
				CLANG_WARN_DEPRECATED_OBJC_IMPLEMENTATIONS = YES;
				CLANG_WARN_DIRECT_OBJC_ISA_USAGE = YES_ERROR;
				CLANG_WARN_DOCUMENTATION_COMMENTS = YES;
				CLANG_WARN_EMPTY_BODY = YES;
				CLANG_WARN_ENUM_CONVERSION = YES;
				CLANG_WARN_INFINITE_RECURSION = YES;
				CLANG_WARN_INT_CONVERSION = YES;
				CLANG_WARN_NON_LITERAL_NULL_CONVERSION = YES;
				CLANG_WARN_OBJC_IMPLICIT_RETAIN_SELF = YES;
				CLANG_WARN_OBJC_LITERAL_CONVERSION = YES;
				CLANG_WARN_OBJC_ROOT_CLASS = YES_ERROR;
				CLANG_WARN_QUOTED_INCLUDE_IN_FRAMEWORK_HEADER = YES;
				CLANG_WARN_RANGE_LOOP_ANALYSIS = YES;
				CLANG_WARN_STRICT_PROTOTYPES = YES;
				CLANG_WARN_SUSPICIOUS_MOVE = YES;
				CLANG_WARN_UNGUARDED_AVAILABILITY = YES_AGGRESSIVE;
				CLANG_WARN_UNREACHABLE_CODE = YES;
				CLANG_WARN__DUPLICATE_METHOD_MATCH = YES;
				COPY_PHASE_STRIP = NO;
				DEBUG_INFORMATION_FORMAT = dwarf;
				ENABLE_STRICT_OBJC_MSGSEND = YES;
				ENABLE_TESTABILITY = YES;
				GCC_C_LANGUAGE_STANDARD = gnu11;
				GCC_DYNAMIC_NO_PIC = NO;
				GCC_NO_COMMON_BLOCKS = YES;
				GCC_OPTIMIZATION_LEVEL = 0;
				GCC_PREPROCESSOR_DEFINITIONS = (
					"DEBUG=1",
					"$(inherited)",
				);
				GCC_WARN_64_TO_32_BIT_CONVERSION = YES;
				GCC_WARN_ABOUT_RETURN_TYPE = YES_ERROR;
				GCC_WARN_UNDECLARED_SELECTOR = YES;
				GCC_WARN_UNINITIALIZED_AUTOS = YES_AGGRESSIVE;
				GCC_WARN_UNUSED_FUNCTION = YES;
				GCC_WARN_UNUSED_VARIABLE = YES;
				IPHONEOS_DEPLOYMENT_TARGET = 16.2;
				MTL_ENABLE_DEBUG_INFO = INCLUDE_SOURCE;
				MTL_FAST_MATH = YES;
				ONLY_ACTIVE_ARCH = YES;
				SDKROOT = iphoneos;
				SWIFT_ACTIVE_COMPILATION_CONDITIONS = DEBUG;
				SWIFT_OPTIMIZATION_LEVEL = "-Onone";
			};
			name = Debug;
		};
		99A6CAFA29C98FEF00692B00 /* Release */ = {
			isa = XCBuildConfiguration;
			buildSettings = {
				ALWAYS_SEARCH_USER_PATHS = NO;
				CLANG_ANALYZER_NONNULL = YES;
				CLANG_ANALYZER_NUMBER_OBJECT_CONVERSION = YES_AGGRESSIVE;
				CLANG_CXX_LANGUAGE_STANDARD = "gnu++20";
				CLANG_ENABLE_MODULES = YES;
				CLANG_ENABLE_OBJC_ARC = YES;
				CLANG_ENABLE_OBJC_WEAK = YES;
				CLANG_WARN_BLOCK_CAPTURE_AUTORELEASING = YES;
				CLANG_WARN_BOOL_CONVERSION = YES;
				CLANG_WARN_COMMA = YES;
				CLANG_WARN_CONSTANT_CONVERSION = YES;
				CLANG_WARN_DEPRECATED_OBJC_IMPLEMENTATIONS = YES;
				CLANG_WARN_DIRECT_OBJC_ISA_USAGE = YES_ERROR;
				CLANG_WARN_DOCUMENTATION_COMMENTS = YES;
				CLANG_WARN_EMPTY_BODY = YES;
				CLANG_WARN_ENUM_CONVERSION = YES;
				CLANG_WARN_INFINITE_RECURSION = YES;
				CLANG_WARN_INT_CONVERSION = YES;
				CLANG_WARN_NON_LITERAL_NULL_CONVERSION = YES;
				CLANG_WARN_OBJC_IMPLICIT_RETAIN_SELF = YES;
				CLANG_WARN_OBJC_LITERAL_CONVERSION = YES;
				CLANG_WARN_OBJC_ROOT_CLASS = YES_ERROR;
				CLANG_WARN_QUOTED_INCLUDE_IN_FRAMEWORK_HEADER = YES;
				CLANG_WARN_RANGE_LOOP_ANALYSIS = YES;
				CLANG_WARN_STRICT_PROTOTYPES = YES;
				CLANG_WARN_SUSPICIOUS_MOVE = YES;
				CLANG_WARN_UNGUARDED_AVAILABILITY = YES_AGGRESSIVE;
				CLANG_WARN_UNREACHABLE_CODE = YES;
				CLANG_WARN__DUPLICATE_METHOD_MATCH = YES;
				COPY_PHASE_STRIP = NO;
				DEBUG_INFORMATION_FORMAT = "dwarf-with-dsym";
				ENABLE_NS_ASSERTIONS = NO;
				ENABLE_STRICT_OBJC_MSGSEND = YES;
				GCC_C_LANGUAGE_STANDARD = gnu11;
				GCC_NO_COMMON_BLOCKS = YES;
				GCC_WARN_64_TO_32_BIT_CONVERSION = YES;
				GCC_WARN_ABOUT_RETURN_TYPE = YES_ERROR;
				GCC_WARN_UNDECLARED_SELECTOR = YES;
				GCC_WARN_UNINITIALIZED_AUTOS = YES_AGGRESSIVE;
				GCC_WARN_UNUSED_FUNCTION = YES;
				GCC_WARN_UNUSED_VARIABLE = YES;
				IPHONEOS_DEPLOYMENT_TARGET = 16.2;
				MTL_ENABLE_DEBUG_INFO = NO;
				MTL_FAST_MATH = YES;
				SDKROOT = iphoneos;
				SWIFT_COMPILATION_MODE = wholemodule;
				SWIFT_OPTIMIZATION_LEVEL = "-O";
				VALIDATE_PRODUCT = YES;
			};
			name = Release;
		};
		99A6CAFC29C98FEF00692B00 /* Debug */ = {
			isa = XCBuildConfiguration;
			baseConfigurationReference = 0EFBD0E1E739084B72643068 /* Pods-MovieMemoryApp.debug.xcconfig */;
			buildSettings = {
				ASSETCATALOG_COMPILER_APPICON_NAME = AppIcon;
				ASSETCATALOG_COMPILER_GLOBAL_ACCENT_COLOR_NAME = AccentColor;
				CODE_SIGN_STYLE = Automatic;
				CURRENT_PROJECT_VERSION = 1;
				GENERATE_INFOPLIST_FILE = YES;
				INFOPLIST_FILE = MovieMemoryApp/Info.plist;
				INFOPLIST_KEY_UIApplicationSupportsIndirectInputEvents = YES;
				INFOPLIST_KEY_UILaunchStoryboardName = LaunchScreen;
				INFOPLIST_KEY_UIMainStoryboardFile = Main;
				INFOPLIST_KEY_UISupportedInterfaceOrientations_iPad = "UIInterfaceOrientationPortrait UIInterfaceOrientationPortraitUpsideDown UIInterfaceOrientationLandscapeLeft UIInterfaceOrientationLandscapeRight";
				INFOPLIST_KEY_UISupportedInterfaceOrientations_iPhone = "UIInterfaceOrientationPortrait UIInterfaceOrientationLandscapeLeft UIInterfaceOrientationLandscapeRight";
				LD_RUNPATH_SEARCH_PATHS = (
					"$(inherited)",
					"@executable_path/Frameworks",
				);
				MARKETING_VERSION = 1.0;
				PRODUCT_BUNDLE_IDENTIFIER = com.takutoono.MovieMemoryApp;
				PRODUCT_NAME = "$(TARGET_NAME)";
				SWIFT_EMIT_LOC_STRINGS = YES;
				SWIFT_VERSION = 5.0;
				TARGETED_DEVICE_FAMILY = "1,2";
			};
			name = Debug;
		};
		99A6CAFD29C98FEF00692B00 /* Release */ = {
			isa = XCBuildConfiguration;
			baseConfigurationReference = BF218A905BF6ED5C461FE06E /* Pods-MovieMemoryApp.release.xcconfig */;
			buildSettings = {
				ASSETCATALOG_COMPILER_APPICON_NAME = AppIcon;
				ASSETCATALOG_COMPILER_GLOBAL_ACCENT_COLOR_NAME = AccentColor;
				CODE_SIGN_STYLE = Automatic;
				CURRENT_PROJECT_VERSION = 1;
				GENERATE_INFOPLIST_FILE = YES;
				INFOPLIST_FILE = MovieMemoryApp/Info.plist;
				INFOPLIST_KEY_UIApplicationSupportsIndirectInputEvents = YES;
				INFOPLIST_KEY_UILaunchStoryboardName = LaunchScreen;
				INFOPLIST_KEY_UIMainStoryboardFile = Main;
				INFOPLIST_KEY_UISupportedInterfaceOrientations_iPad = "UIInterfaceOrientationPortrait UIInterfaceOrientationPortraitUpsideDown UIInterfaceOrientationLandscapeLeft UIInterfaceOrientationLandscapeRight";
				INFOPLIST_KEY_UISupportedInterfaceOrientations_iPhone = "UIInterfaceOrientationPortrait UIInterfaceOrientationLandscapeLeft UIInterfaceOrientationLandscapeRight";
				LD_RUNPATH_SEARCH_PATHS = (
					"$(inherited)",
					"@executable_path/Frameworks",
				);
				MARKETING_VERSION = 1.0;
				PRODUCT_BUNDLE_IDENTIFIER = com.takutoono.MovieMemoryApp;
				PRODUCT_NAME = "$(TARGET_NAME)";
				SWIFT_EMIT_LOC_STRINGS = YES;
				SWIFT_VERSION = 5.0;
				TARGETED_DEVICE_FAMILY = "1,2";
			};
			name = Release;
		};
		99A6CAFF29C98FEF00692B00 /* Debug */ = {
			isa = XCBuildConfiguration;
			baseConfigurationReference = 327F1DF2A8B0FB64BF0A1BFC /* Pods-MovieMemoryAppTests.debug.xcconfig */;
			buildSettings = {
				ALWAYS_EMBED_SWIFT_STANDARD_LIBRARIES = YES;
				BUNDLE_LOADER = "$(TEST_HOST)";
				CODE_SIGN_STYLE = Automatic;
				CURRENT_PROJECT_VERSION = 1;
				GENERATE_INFOPLIST_FILE = YES;
				IPHONEOS_DEPLOYMENT_TARGET = 16.2;
				MARKETING_VERSION = 1.0;
				PRODUCT_BUNDLE_IDENTIFIER = com.takutoono.MovieMemoryAppTests;
				PRODUCT_NAME = "$(TARGET_NAME)";
				SWIFT_EMIT_LOC_STRINGS = NO;
				SWIFT_VERSION = 5.0;
				TARGETED_DEVICE_FAMILY = "1,2";
				TEST_HOST = "$(BUILT_PRODUCTS_DIR)/MovieMemoryApp.app/$(BUNDLE_EXECUTABLE_FOLDER_PATH)/MovieMemoryApp";
			};
			name = Debug;
		};
		99A6CB0029C98FEF00692B00 /* Release */ = {
			isa = XCBuildConfiguration;
			baseConfigurationReference = 91E2B8464C39FEA9AAD0BA41 /* Pods-MovieMemoryAppTests.release.xcconfig */;
			buildSettings = {
				ALWAYS_EMBED_SWIFT_STANDARD_LIBRARIES = YES;
				BUNDLE_LOADER = "$(TEST_HOST)";
				CODE_SIGN_STYLE = Automatic;
				CURRENT_PROJECT_VERSION = 1;
				GENERATE_INFOPLIST_FILE = YES;
				IPHONEOS_DEPLOYMENT_TARGET = 16.2;
				MARKETING_VERSION = 1.0;
				PRODUCT_BUNDLE_IDENTIFIER = com.takutoono.MovieMemoryAppTests;
				PRODUCT_NAME = "$(TARGET_NAME)";
				SWIFT_EMIT_LOC_STRINGS = NO;
				SWIFT_VERSION = 5.0;
				TARGETED_DEVICE_FAMILY = "1,2";
				TEST_HOST = "$(BUILT_PRODUCTS_DIR)/MovieMemoryApp.app/$(BUNDLE_EXECUTABLE_FOLDER_PATH)/MovieMemoryApp";
			};
			name = Release;
		};
		99A6CB0229C98FEF00692B00 /* Debug */ = {
			isa = XCBuildConfiguration;
			baseConfigurationReference = 2D527A08864D05FE2D6FF325 /* Pods-MovieMemoryApp-MovieMemoryAppUITests.debug.xcconfig */;
			buildSettings = {
				ALWAYS_EMBED_SWIFT_STANDARD_LIBRARIES = YES;
				CODE_SIGN_STYLE = Automatic;
				CURRENT_PROJECT_VERSION = 1;
				GENERATE_INFOPLIST_FILE = YES;
				MARKETING_VERSION = 1.0;
				PRODUCT_BUNDLE_IDENTIFIER = com.takutoono.MovieMemoryAppUITests;
				PRODUCT_NAME = "$(TARGET_NAME)";
				SWIFT_EMIT_LOC_STRINGS = NO;
				SWIFT_VERSION = 5.0;
				TARGETED_DEVICE_FAMILY = "1,2";
				TEST_TARGET_NAME = MovieMemoryApp;
			};
			name = Debug;
		};
		99A6CB0329C98FEF00692B00 /* Release */ = {
			isa = XCBuildConfiguration;
			baseConfigurationReference = 1A904AD2991E9B0432974370 /* Pods-MovieMemoryApp-MovieMemoryAppUITests.release.xcconfig */;
			buildSettings = {
				ALWAYS_EMBED_SWIFT_STANDARD_LIBRARIES = YES;
				CODE_SIGN_STYLE = Automatic;
				CURRENT_PROJECT_VERSION = 1;
				GENERATE_INFOPLIST_FILE = YES;
				MARKETING_VERSION = 1.0;
				PRODUCT_BUNDLE_IDENTIFIER = com.takutoono.MovieMemoryAppUITests;
				PRODUCT_NAME = "$(TARGET_NAME)";
				SWIFT_EMIT_LOC_STRINGS = NO;
				SWIFT_VERSION = 5.0;
				TARGETED_DEVICE_FAMILY = "1,2";
				TEST_TARGET_NAME = MovieMemoryApp;
			};
			name = Release;
		};
/* End XCBuildConfiguration section */

/* Begin XCConfigurationList section */
		99A6CACC29C98FEB00692B00 /* Build configuration list for PBXProject "MovieMemoryApp" */ = {
			isa = XCConfigurationList;
			buildConfigurations = (
				99A6CAF929C98FEF00692B00 /* Debug */,
				99A6CAFA29C98FEF00692B00 /* Release */,
			);
			defaultConfigurationIsVisible = 0;
			defaultConfigurationName = Release;
		};
		99A6CAFB29C98FEF00692B00 /* Build configuration list for PBXNativeTarget "MovieMemoryApp" */ = {
			isa = XCConfigurationList;
			buildConfigurations = (
				99A6CAFC29C98FEF00692B00 /* Debug */,
				99A6CAFD29C98FEF00692B00 /* Release */,
			);
			defaultConfigurationIsVisible = 0;
			defaultConfigurationName = Release;
		};
		99A6CAFE29C98FEF00692B00 /* Build configuration list for PBXNativeTarget "MovieMemoryAppTests" */ = {
			isa = XCConfigurationList;
			buildConfigurations = (
				99A6CAFF29C98FEF00692B00 /* Debug */,
				99A6CB0029C98FEF00692B00 /* Release */,
			);
			defaultConfigurationIsVisible = 0;
			defaultConfigurationName = Release;
		};
		99A6CB0129C98FEF00692B00 /* Build configuration list for PBXNativeTarget "MovieMemoryAppUITests" */ = {
			isa = XCConfigurationList;
			buildConfigurations = (
				99A6CB0229C98FEF00692B00 /* Debug */,
				99A6CB0329C98FEF00692B00 /* Release */,
			);
			defaultConfigurationIsVisible = 0;
			defaultConfigurationName = Release;
		};
/* End XCConfigurationList section */
	};
	rootObject = 99A6CAC929C98FEB00692B00 /* Project object */;
}
